
Microsoft Visual Studio Solution File, Format Version 12.00
# Visual Studio Version 17
VisualStudioVersion = 17.0.31903.59
MinimumVisualStudioVersion = 10.0.40219.1
Project("{2150E333-8FDC-42A3-9474-1A3956D46DE8}") = "src", "src", "{827E0CD3-B72D-47B6-A68D-7590B98EB39B}"
EndProject
Project("{FAE04EC0-301F-11D3-BF4B-00C04F79EFBC}") = "XFilter.Core", "src\XFilter.Core\XFilter.Core.csproj", "{F67F6455-340C-4C1C-8E5C-F5801FDB6CF5}"
EndProject
Project("{FAE04EC0-301F-11D3-BF4B-00C04F79EFBC}") = "XFilter.UI", "src\XFilter.UI\XFilter.UI.csproj", "{F35E21C8-C7FA-44B5-87D0-2DF343D687FA}"
EndProject
Project("{FAE04EC0-301F-11D3-BF4B-00C04F79EFBC}") = "XFilter.App", "src\XFilter.App\XFilter.App.csproj", "{BD3B023F-25F9-4890-AB22-A087DC22F7E8}"
EndProject
Global
	GlobalSection(SolutionConfigurationPlatforms) = preSolution
		Debug|Any CPU = Debug|Any CPU
		Debug|x64 = Debug|x64
		Debug|x86 = Debug|x86
		Release|Any CPU = Release|Any CPU
		Release|x64 = Release|x64
		Release|x86 = Release|x86
	EndGlobalSection
	GlobalSection(ProjectConfigurationPlatforms) = postSolution
		{F67F6455-340C-4C1C-8E5C-F5801FDB6CF5}.Debug|Any CPU.ActiveCfg = Debug|Any CPU
		{F67F6455-340C-4C1C-8E5C-F5801FDB6CF5}.Debug|Any CPU.Build.0 = Debug|Any CPU
		{F67F6455-340C-4C1C-8E5C-F5801FDB6CF5}.Debug|x64.ActiveCfg = Debug|Any CPU
		{F67F6455-340C-4C1C-8E5C-F5801FDB6CF5}.Debug|x64.Build.0 = Debug|Any CPU
		{F67F6455-340C-4C1C-8E5C-F5801FDB6CF5}.Debug|x86.ActiveCfg = Debug|Any CPU
		{F67F6455-340C-4C1C-8E5C-F5801FDB6CF5}.Debug|x86.Build.0 = Debug|Any CPU
		{F67F6455-340C-4C1C-8E5C-F5801FDB6CF5}.Release|Any CPU.ActiveCfg = Release|Any CPU
		{F67F6455-340C-4C1C-8E5C-F5801FDB6CF5}.Release|Any CPU.Build.0 = Release|Any CPU
		{F67F6455-340C-4C1C-8E5C-F5801FDB6CF5}.Release|x64.ActiveCfg = Release|Any CPU
		{F67F6455-340C-4C1C-8E5C-F5801FDB6CF5}.Release|x64.Build.0 = Release|Any CPU
		{F67F6455-340C-4C1C-8E5C-F5801FDB6CF5}.Release|x86.ActiveCfg = Release|Any CPU
		{F67F6455-340C-4C1C-8E5C-F5801FDB6CF5}.Release|x86.Build.0 = Release|Any CPU
		{F35E21C8-C7FA-44B5-87D0-2DF343D687FA}.Debug|Any CPU.ActiveCfg = Debug|Any CPU
		{F35E21C8-C7FA-44B5-87D0-2DF343D687FA}.Debug|Any CPU.Build.0 = Debug|Any CPU
		{F35E21C8-C7FA-44B5-87D0-2DF343D687FA}.Debug|x64.ActiveCfg = Debug|Any CPU
		{F35E21C8-C7FA-44B5-87D0-2DF343D687FA}.Debug|x64.Build.0 = Debug|Any CPU
		{F35E21C8-C7FA-44B5-87D0-2DF343D687FA}.Debug|x86.ActiveCfg = Debug|Any CPU
		{F35E21C8-C7FA-44B5-87D0-2DF343D687FA}.Debug|x86.Build.0 = Debug|Any CPU
		{F35E21C8-C7FA-44B5-87D0-2DF343D687FA}.Release|Any CPU.ActiveCfg = Release|Any CPU
		{F35E21C8-C7FA-44B5-87D0-2DF343D687FA}.Release|Any CPU.Build.0 = Release|Any CPU
		{F35E21C8-C7FA-44B5-87D0-2DF343D687FA}.Release|x64.ActiveCfg = Release|Any CPU
		{F35E21C8-C7FA-44B5-87D0-2DF343D687FA}.Release|x64.Build.0 = Release|Any CPU
		{F35E21C8-C7FA-44B5-87D0-2DF343D687FA}.Release|x86.ActiveCfg = Release|Any CPU
		{F35E21C8-C7FA-44B5-87D0-2DF343D687FA}.Release|x86.Build.0 = Release|Any CPU
		{BD3B023F-25F9-4890-AB22-A087DC22F7E8}.Debug|Any CPU.ActiveCfg = Debug|Any CPU
		{BD3B023F-25F9-4890-AB22-A087DC22F7E8}.Debug|Any CPU.Build.0 = Debug|Any CPU
		{BD3B023F-25F9-4890-AB22-A087DC22F7E8}.Debug|x64.ActiveCfg = Debug|Any CPU
		{BD3B023F-25F9-4890-AB22-A087DC22F7E8}.Debug|x64.Build.0 = Debug|Any CPU
		{BD3B023F-25F9-4890-AB22-A087DC22F7E8}.Debug|x86.ActiveCfg = Debug|Any CPU
		{BD3B023F-25F9-4890-AB22-A087DC22F7E8}.Debug|x86.Build.0 = Debug|Any CPU
		{BD3B023F-25F9-4890-AB22-A087DC22F7E8}.Release|Any CPU.ActiveCfg = Release|Any CPU
		{BD3B023F-25F9-4890-AB22-A087DC22F7E8}.Release|Any CPU.Build.0 = Release|Any CPU
		{BD3B023F-25F9-4890-AB22-A087DC22F7E8}.Release|x64.ActiveCfg = Release|Any CPU
		{BD3B023F-25F9-4890-AB22-A087DC22F7E8}.Release|x64.Build.0 = Release|Any CPU
		{BD3B023F-25F9-4890-AB22-A087DC22F7E8}.Release|x86.ActiveCfg = Release|Any CPU
		{BD3B023F-25F9-4890-AB22-A087DC22F7E8}.Release|x86.Build.0 = Release|Any CPU
	EndGlobalSection
	GlobalSection(SolutionProperties) = preSolution
		HideSolutionNode = FALSE
	EndGlobalSection
	GlobalSection(NestedProjects) = preSolution
		{F67F6455-340C-4C1C-8E5C-F5801FDB6CF5} = {827E0CD3-B72D-47B6-A68D-7590B98EB39B}
		{F35E21C8-C7FA-44B5-87D0-2DF343D687FA} = {827E0CD3-B72D-47B6-A68D-7590B98EB39B}
		{BD3B023F-25F9-4890-AB22-A087DC22F7E8} = {827E0CD3-B72D-47B6-A68D-7590B98EB39B}
	EndGlobalSection
EndGlobal
